
Microsoft Visual Studio Solution File, Format Version 12.00
# Visual Studio 15
VisualStudioVersion = 15.0.28010.2003
MinimumVisualStudioVersion = 10.0.40219.1
Project("{FAE04EC0-301F-11D3-BF4B-00C04F79EFBC}") = "CartomancyCore", "CartomancyCore\CartomancyCore.csproj", "{0B51908C-C622-42CD-B937-067020ADF764}"
EndProject
Project("{FAE04EC0-301F-11D3-BF4B-00C04F79EFBC}") = "CartomancyUI", "CartomancyUI\CartomancyUI.csproj", "{769C80EE-BE61-4E63-8330-FB83C99D5A8E}"
EndProject
Global
	GlobalSection(SolutionConfigurationPlatforms) = preSolution
		Debug|Any CPU = Debug|Any CPU
		Release|Any CPU = Release|Any CPU
	EndGlobalSection
	GlobalSection(ProjectConfigurationPlatforms) = postSolution
		{0B51908C-C622-42CD-B937-067020ADF764}.Debug|Any CPU.ActiveCfg = Debug|Any CPU
		{0B51908C-C622-42CD-B937-067020ADF764}.Debug|Any CPU.Build.0 = Debug|Any CPU
		{0B51908C-C622-42CD-B937-067020ADF764}.Release|Any CPU.ActiveCfg = Release|Any CPU
		{0B51908C-C622-42CD-B937-067020ADF764}.Release|Any CPU.Build.0 = Release|Any CPU
		{769C80EE-BE61-4E63-8330-FB83C99D5A8E}.Debug|Any CPU.ActiveCfg = Debug|Any CPU
		{769C80EE-BE61-4E63-8330-FB83C99D5A8E}.Debug|Any CPU.Build.0 = Debug|Any CPU
		{769C80EE-BE61-4E63-8330-FB83C99D5A8E}.Release|Any CPU.ActiveCfg = Release|Any CPU
		{769C80EE-BE61-4E63-8330-FB83C99D5A8E}.Release|Any CPU.Build.0 = Release|Any CPU
	EndGlobalSection
	GlobalSection(SolutionProperties) = preSolution
		HideSolutionNode = FALSE
	EndGlobalSection
	GlobalSection(ExtensibilityGlobals) = postSolution
		SolutionGuid = {A1D62F18-357E-4E45-9870-BF6955EA5A1D}
	EndGlobalSection
EndGlobal
